
Microsoft Visual Studio Solution File, Format Version 12.00
# Visual Studio 15
VisualStudioVersion = 15.0.27703.2042
MinimumVisualStudioVersion = 10.0.40219.1
Project("{8BC9CEB8-8B4A-11D0-8D11-00A0C91BC942}") = "DecimateGPU", "DecimateGPU\DecimateGPU.vcxproj", "{77C9E146-88D4-4218-8185-5EAFB3421DBC}"
EndProject
Global
	GlobalSection(SolutionConfigurationPlatforms) = preSolution
		Debug|x64 = Debug|x64
		Release|x64 = Release|x64
	EndGlobalSection
	GlobalSection(ProjectConfigurationPlatforms) = postSolution
		{77C9E146-88D4-4218-8185-5EAFB3421DBC}.Debug|x64.ActiveCfg = Debug|x64
		{77C9E146-88D4-4218-8185-5EAFB3421DBC}.Debug|x64.Build.0 = Debug|x64
		{77C9E146-88D4-4218-8185-5EAFB3421DBC}.Release|x64.ActiveCfg = Release|x64
		{77C9E146-88D4-4218-8185-5EAFB3421DBC}.Release|x64.Build.0 = Release|x64
	EndGlobalSection
	GlobalSection(SolutionProperties) = preSolution
		HideSolutionNode = FALSE
	EndGlobalSection
	GlobalSection(ExtensibilityGlobals) = postSolution
		SolutionGuid = {707EEC8D-7F9B-4809-BF93-71E3843E25E8}
	EndGlobalSection
EndGlobal
