
Microsoft Visual Studio Solution File, Format Version 12.00
# Visual Studio 15
VisualStudioVersion = 15.0.27703.2042
MinimumVisualStudioVersion = 10.0.40219.1
Project("{8BC9CEB8-8B4A-11D0-8D11-00A0C91BC942}") = "DecimationApp", "DecimationApp\DecimationApp.vcxproj", "{98D7895A-564F-4BD5-986A-FDDBD1175C70}"
EndProject
Project("{8BC9CEB8-8B4A-11D0-8D11-00A0C91BC942}") = "CUDA", "CUDA\CUDA.vcxproj", "{9BA6A0EC-2645-42AF-8A1E-62341C30CD2C}"
EndProject
Project("{8BC9CEB8-8B4A-11D0-8D11-00A0C91BC942}") = "DecimationAppTests", "DecimationAppTests\DecimationAppTests.vcxproj", "{A5DCDDC4-1CAD-4295-98F7-7B26A2731225}"
EndProject
Project("{8BC9CEB8-8B4A-11D0-8D11-00A0C91BC942}") = "DecimationAppCUDA", "DecimationAppCUDA\DecimationAppCUDA.vcxproj", "{3D9BF65B-647F-4732-8B5D-FE35D20A1B56}"
EndProject
Global
	GlobalSection(SolutionConfigurationPlatforms) = preSolution
		Debug|x64 = Debug|x64
		Debug|x86 = Debug|x86
		Release|x64 = Release|x64
		Release|x86 = Release|x86
	EndGlobalSection
	GlobalSection(ProjectConfigurationPlatforms) = postSolution
		{98D7895A-564F-4BD5-986A-FDDBD1175C70}.Debug|x64.ActiveCfg = Debug|x64
		{98D7895A-564F-4BD5-986A-FDDBD1175C70}.Debug|x64.Build.0 = Debug|x64
		{98D7895A-564F-4BD5-986A-FDDBD1175C70}.Debug|x86.ActiveCfg = Debug|Win32
		{98D7895A-564F-4BD5-986A-FDDBD1175C70}.Debug|x86.Build.0 = Debug|Win32
		{98D7895A-564F-4BD5-986A-FDDBD1175C70}.Release|x64.ActiveCfg = Release|x64
		{98D7895A-564F-4BD5-986A-FDDBD1175C70}.Release|x64.Build.0 = Release|x64
		{98D7895A-564F-4BD5-986A-FDDBD1175C70}.Release|x86.ActiveCfg = Release|Win32
		{98D7895A-564F-4BD5-986A-FDDBD1175C70}.Release|x86.Build.0 = Release|Win32
		{9BA6A0EC-2645-42AF-8A1E-62341C30CD2C}.Debug|x64.ActiveCfg = Debug|x64
		{9BA6A0EC-2645-42AF-8A1E-62341C30CD2C}.Debug|x64.Build.0 = Debug|x64
		{9BA6A0EC-2645-42AF-8A1E-62341C30CD2C}.Debug|x86.ActiveCfg = Debug|x64
		{9BA6A0EC-2645-42AF-8A1E-62341C30CD2C}.Debug|x86.Build.0 = Debug|x64
		{9BA6A0EC-2645-42AF-8A1E-62341C30CD2C}.Release|x64.ActiveCfg = Release|x64
		{9BA6A0EC-2645-42AF-8A1E-62341C30CD2C}.Release|x64.Build.0 = Release|x64
		{9BA6A0EC-2645-42AF-8A1E-62341C30CD2C}.Release|x86.ActiveCfg = Release|x64
		{A5DCDDC4-1CAD-4295-98F7-7B26A2731225}.Debug|x64.ActiveCfg = Debug|x64
		{A5DCDDC4-1CAD-4295-98F7-7B26A2731225}.Debug|x64.Build.0 = Debug|x64
		{A5DCDDC4-1CAD-4295-98F7-7B26A2731225}.Debug|x86.ActiveCfg = Debug|Win32
		{A5DCDDC4-1CAD-4295-98F7-7B26A2731225}.Debug|x86.Build.0 = Debug|Win32
		{A5DCDDC4-1CAD-4295-98F7-7B26A2731225}.Release|x64.ActiveCfg = Release|x64
		{A5DCDDC4-1CAD-4295-98F7-7B26A2731225}.Release|x64.Build.0 = Release|x64
		{A5DCDDC4-1CAD-4295-98F7-7B26A2731225}.Release|x86.ActiveCfg = Release|Win32
		{A5DCDDC4-1CAD-4295-98F7-7B26A2731225}.Release|x86.Build.0 = Release|Win32
		{3D9BF65B-647F-4732-8B5D-FE35D20A1B56}.Debug|x64.ActiveCfg = Debug|x64
		{3D9BF65B-647F-4732-8B5D-FE35D20A1B56}.Debug|x64.Build.0 = Debug|x64
		{3D9BF65B-647F-4732-8B5D-FE35D20A1B56}.Debug|x86.ActiveCfg = Debug|x64
		{3D9BF65B-647F-4732-8B5D-FE35D20A1B56}.Release|x64.ActiveCfg = Release|x64
		{3D9BF65B-647F-4732-8B5D-FE35D20A1B56}.Release|x64.Build.0 = Release|x64
		{3D9BF65B-647F-4732-8B5D-FE35D20A1B56}.Release|x86.ActiveCfg = Release|x64
	EndGlobalSection
	GlobalSection(SolutionProperties) = preSolution
		HideSolutionNode = FALSE
	EndGlobalSection
	GlobalSection(ExtensibilityGlobals) = postSolution
		SolutionGuid = {87AD8A2B-FF1D-4D28-AE42-2AE1600904EA}
	EndGlobalSection
EndGlobal
